
Microsoft Visual Studio Solution File, Format Version 12.00
# Visual Studio Version 17
VisualStudioVersion = 17.5.33502.453
MinimumVisualStudioVersion = 10.0.40219.1
Project("{FAE04EC0-301F-11D3-BF4B-00C04F79EFBC}") = "la-mia-pizzeria-static", "la-mia-pizzeria-static\la-mia-pizzeria-static.csproj", "{BF421FD1-F9FB-458B-B5A9-1600B5C755BC}"
EndProject
Global
	GlobalSection(SolutionConfigurationPlatforms) = preSolution
		Debug|Any CPU = Debug|Any CPU
		Release|Any CPU = Release|Any CPU
	EndGlobalSection
	GlobalSection(ProjectConfigurationPlatforms) = postSolution
		{BF421FD1-F9FB-458B-B5A9-1600B5C755BC}.Debug|Any CPU.ActiveCfg = Debug|Any CPU
		{BF421FD1-F9FB-458B-B5A9-1600B5C755BC}.Debug|Any CPU.Build.0 = Debug|Any CPU
		{BF421FD1-F9FB-458B-B5A9-1600B5C755BC}.Release|Any CPU.ActiveCfg = Release|Any CPU
		{BF421FD1-F9FB-458B-B5A9-1600B5C755BC}.Release|Any CPU.Build.0 = Release|Any CPU
	EndGlobalSection
	GlobalSection(SolutionProperties) = preSolution
		HideSolutionNode = FALSE
	EndGlobalSection
	GlobalSection(ExtensibilityGlobals) = postSolution
		SolutionGuid = {E9BD9A1E-B20F-47A0-8FAF-E9ED498045F0}
	EndGlobalSection
EndGlobal
